
Microsoft Visual Studio Solution File, Format Version 12.00
# Visual Studio Version 16
VisualStudioVersion = 16.0.30717.126
MinimumVisualStudioVersion = 10.0.40219.1
Project("{9A19103F-16F7-4668-BE54-9A1E7A4F7556}") = "DevicePortal", "Device Portal\DevicePortal.csproj", "{6061B0D5-4623-49FB-B347-9C052C25E728}"
EndProject
Project("{FAE04EC0-301F-11D3-BF4B-00C04F79EFBC}") = "DevicePortal.Importer", "DevicePortal.Importer\DevicePortal.Importer.csproj", "{54186AF0-A3E1-4830-9C80-E44C7E6E180F}"
EndProject
Global
	GlobalSection(SolutionConfigurationPlatforms) = preSolution
		Debug|Any CPU = Debug|Any CPU
		Release|Any CPU = Release|Any CPU
	EndGlobalSection
	GlobalSection(ProjectConfigurationPlatforms) = postSolution
		{6061B0D5-4623-49FB-B347-9C052C25E728}.Debug|Any CPU.ActiveCfg = Debug|Any CPU
		{6061B0D5-4623-49FB-B347-9C052C25E728}.Debug|Any CPU.Build.0 = Debug|Any CPU
		{6061B0D5-4623-49FB-B347-9C052C25E728}.Release|Any CPU.ActiveCfg = Release|Any CPU
		{6061B0D5-4623-49FB-B347-9C052C25E728}.Release|Any CPU.Build.0 = Release|Any CPU
		{54186AF0-A3E1-4830-9C80-E44C7E6E180F}.Debug|Any CPU.ActiveCfg = Debug|Any CPU
		{54186AF0-A3E1-4830-9C80-E44C7E6E180F}.Debug|Any CPU.Build.0 = Debug|Any CPU
		{54186AF0-A3E1-4830-9C80-E44C7E6E180F}.Release|Any CPU.ActiveCfg = Release|Any CPU
		{54186AF0-A3E1-4830-9C80-E44C7E6E180F}.Release|Any CPU.Build.0 = Release|Any CPU
	EndGlobalSection
	GlobalSection(SolutionProperties) = preSolution
		HideSolutionNode = FALSE
	EndGlobalSection
	GlobalSection(ExtensibilityGlobals) = postSolution
		SolutionGuid = {DC793A37-D930-4E28-905F-1D39F3ECD3F8}
	EndGlobalSection
EndGlobal
